{
  "version": 4,
  "terraform_version": "1.6.4",
  "serial": 16,
  "lineage": "56310a34-dda2-b89a-2c38-df9ffd31f07a",
  "outputs": {},
  "resources": [
    {
      "mode": "data",
      "type": "google_firebase_web_app_config",
      "name": "example",
      "provider": "provider[\"registry.terraform.io/hashicorp/google-beta\"]",
      "instances": [
        {
          "schema_version": 0,
          "attributes": {
            "api_key": "AIzaSyAdLy8Bgw3xzy_2ny9fJCg--GLZhBfd-H4",
            "auth_domain": "sample-firebase-ai-app-c6c59.firebaseapp.com",
            "database_url": "",
            "id": "1:325618577120:web:9c2df4ab003117ddf76a85",
            "location_id": "",
            "measurement_id": "",
            "messaging_sender_id": "325618577120",
            "project": "sample-firebase-ai-app-c6c59",
            "storage_bucket": "sample-firebase-ai-app-c6c59.firebasestorage.app",
            "web_app_id": "1:325618577120:web:9c2df4ab003117ddf76a85"
          },
          "sensitive_attributes": []
        }
      ]
    },
    {
      "mode": "data",
      "type": "google_project",
      "name": "project",
      "provider": "provider[\"registry.terraform.io/hashicorp/google-beta\"]",
      "instances": [
        {
          "schema_version": 0,
          "attributes": {
            "auto_create_network": null,
            "billing_account": null,
            "deletion_policy": "DELETE",
            "effective_labels": {
              "firebase": "enabled",
              "firebase-core": "disabled"
            },
            "folder_id": null,
            "id": "projects/sample-firebase-ai-app-c6c59",
            "labels": {
              "firebase": "enabled",
              "firebase-core": "disabled"
            },
            "name": "Sample Firebase AI App",
            "number": "325618577120",
            "org_id": null,
            "project_id": "sample-firebase-ai-app-c6c59",
            "skip_delete": null,
            "terraform_labels": {
              "firebase": "enabled",
              "firebase-core": "disabled"
            }
          },
          "sensitive_attributes": []
        }
      ]
    },
    {
      "mode": "managed",
      "type": "google_apikeys_key",
      "name": "generativelanguage",
      "provider": "provider[\"registry.terraform.io/hashicorp/google-beta\"]",
      "instances": [
        {
          "schema_version": 0,
          "attributes": {
            "display_name": "Gemini API Key",
            "id": "projects/sample-firebase-ai-app-c6c59/locations/global/keys/gemini-api-key",
            "key_string": "AIzaSyC5OSZqJitdR0AN4nQvpPogBHOMNYHPtzA",
            "name": "gemini-api-key",
            "project": "sample-firebase-ai-app-c6c59",
            "restrictions": [
              {
                "android_key_restrictions": [],
                "api_targets": [
                  {
                    "methods": null,
                    "service": "generativelanguage.googleapis.com"
                  }
                ],
                "browser_key_restrictions": [
                  {
                    "allowed_referrers": [
                      "*"
                    ]
                  }
                ],
                "ios_key_restrictions": [],
                "server_key_restrictions": []
              }
            ],
            "timeouts": null,
            "uid": "dede0d81-4c97-485a-a076-fd3cb9fb6ce3"
          },
          "sensitive_attributes": [],
          "private": "eyJlMmJmYjczMC1lY2FhLTExZTYtOGY4OC0zNDM2M2JjN2M0YzAiOnsiY3JlYXRlIjoxMjAwMDAwMDAwMDAwLCJkZWxldGUiOjEyMDAwMDAwMDAwMDAsInVwZGF0ZSI6MTIwMDAwMDAwMDAwMH19",
          "dependencies": [
            "google_project_service.services"
          ]
        }
      ]
    },
    {
      "mode": "managed",
      "type": "google_firebase_web_app",
      "name": "example",
      "provider": "provider[\"registry.terraform.io/hashicorp/google-beta\"]",
      "instances": [
        {
          "schema_version": 0,
          "attributes": {
            "api_key_id": "76b410af-1cca-43a1-bc5c-4108b7de9d29",
            "app_id": "1:325618577120:web:9c2df4ab003117ddf76a85",
            "app_urls": [],
            "deletion_policy": "DELETE",
            "display_name": "Make It So AI!",
            "id": "projects/sample-firebase-ai-app-c6c59/webApps/1:325618577120:web:9c2df4ab003117ddf76a85",
            "name": "projects/sample-firebase-ai-app-c6c59/webApps/1:325618577120:web:9c2df4ab003117ddf76a85",
            "project": "sample-firebase-ai-app-c6c59",
            "timeouts": null
          },
          "sensitive_attributes": [],
          "private": "eyJlMmJmYjczMC1lY2FhLTExZTYtOGY4OC0zNDM2M2JjN2M0YzAiOnsiY3JlYXRlIjoxMjAwMDAwMDAwMDAwLCJkZWxldGUiOjEyMDAwMDAwMDAwMDAsInVwZGF0ZSI6MTIwMDAwMDAwMDAwMH19"
        }
      ]
    },
    {
      "mode": "managed",
      "type": "google_firebaserules_release",
      "name": "firestore",
      "provider": "provider[\"registry.terraform.io/hashicorp/google-beta\"]",
      "instances": [
        {
          "schema_version": 0,
          "attributes": {
            "create_time": "2025-05-06T18:05:17.647559Z",
            "disabled": false,
            "id": "projects/sample-firebase-ai-app-c6c59/releases/cloud.firestore",
            "name": "cloud.firestore",
            "project": "sample-firebase-ai-app-c6c59",
            "ruleset_name": "76219429-77e4-4cc9-beaa-4280c57b9f11",
            "timeouts": null,
            "update_time": "2025-05-06T18:05:17.647559Z"
          },
          "sensitive_attributes": [],
          "private": "eyJlMmJmYjczMC1lY2FhLTExZTYtOGY4OC0zNDM2M2JjN2M0YzAiOnsiY3JlYXRlIjoxMjAwMDAwMDAwMDAwLCJkZWxldGUiOjEyMDAwMDAwMDAwMDB9fQ==",
          "dependencies": [
            "google_firebaserules_ruleset.firestore",
            "google_firestore_database.database",
            "google_project_service.services",
            "local_file.firestore_rules"
          ]
        }
      ]
    },
    {
      "mode": "managed",
      "type": "google_firebaserules_ruleset",
      "name": "firestore",
      "provider": "provider[\"registry.terraform.io/hashicorp/google-beta\"]",
      "instances": [
        {
          "schema_version": 0,
          "attributes": {
            "create_time": "2025-05-06T18:05:14.459816Z",
            "id": "projects/sample-firebase-ai-app-c6c59/rulesets/76219429-77e4-4cc9-beaa-4280c57b9f11",
            "metadata": [
              {
                "services": [
                  "cloud.firestore"
                ]
              }
            ],
            "name": "76219429-77e4-4cc9-beaa-4280c57b9f11",
            "project": "sample-firebase-ai-app-c6c59",
            "source": [
              {
                "files": [
                  {
                    "content": "service cloud.firestore {\n  match /databases/{database}/documents/{document=**} {\n    allow read, write: if request.auth != null \u0026\u0026 request.time \u003c timestamp.date(2025, 6, 5);\n  }\n}\n",
                    "fingerprint": "",
                    "name": "firestore.rules"
                  }
                ],
                "language": ""
              }
            ],
            "timeouts": null
          },
          "sensitive_attributes": [],
          "private": "eyJlMmJmYjczMC1lY2FhLTExZTYtOGY4OC0zNDM2M2JjN2M0YzAiOnsiY3JlYXRlIjoxMjAwMDAwMDAwMDAwLCJkZWxldGUiOjEyMDAwMDAwMDAwMDB9fQ==",
          "dependencies": [
            "google_firestore_database.database",
            "google_project_service.services",
            "local_file.firestore_rules"
          ]
        }
      ]
    },
    {
      "mode": "managed",
      "type": "google_firestore_database",
      "name": "database",
      "provider": "provider[\"registry.terraform.io/hashicorp/google-beta\"]",
      "instances": [
        {
          "schema_version": 0,
          "attributes": {
            "app_engine_integration_mode": "DISABLED",
            "cmek_config": [],
            "concurrency_mode": "PESSIMISTIC",
            "create_time": "",
            "delete_protection_state": "DELETE_PROTECTION_DISABLED",
            "deletion_policy": "ABANDON",
            "earliest_version_time": "2025-05-06T18:05:02.155913Z",
            "etag": "IMbmpKq3j40DMImh6aS3j40D",
            "id": "projects/sample-firebase-ai-app-c6c59/databases/(default)",
            "key_prefix": "",
            "location_id": "nam5",
            "name": "(default)",
            "point_in_time_recovery_enablement": "POINT_IN_TIME_RECOVERY_DISABLED",
            "project": "sample-firebase-ai-app-c6c59",
            "timeouts": null,
            "type": "FIRESTORE_NATIVE",
            "uid": "64f58c02-0166-4167-8e4c-847b80f0374f",
            "update_time": "",
            "version_retention_period": "3600s"
          },
          "sensitive_attributes": [],
          "private": "eyJlMmJmYjczMC1lY2FhLTExZTYtOGY4OC0zNDM2M2JjN2M0YzAiOnsiY3JlYXRlIjoxMjAwMDAwMDAwMDAwLCJkZWxldGUiOjEyMDAwMDAwMDAwMDAsInVwZGF0ZSI6MTIwMDAwMDAwMDAwMH19",
          "dependencies": [
            "google_project_service.services"
          ]
        }
      ]
    },
    {
      "mode": "managed",
      "type": "google_project_service",
      "name": "services",
      "provider": "provider[\"registry.terraform.io/hashicorp/google-beta\"]",
      "instances": [
        {
          "index_key": "apikeys.googleapis.com",
          "schema_version": 0,
          "attributes": {
            "check_if_service_has_usage_on_destroy": false,
            "disable_dependent_services": null,
            "disable_on_destroy": false,
            "id": "sample-firebase-ai-app-c6c59/apikeys.googleapis.com",
            "project": "sample-firebase-ai-app-c6c59",
            "service": "apikeys.googleapis.com",
            "timeouts": null
          },
          "sensitive_attributes": [],
          "private": "eyJlMmJmYjczMC1lY2FhLTExZTYtOGY4OC0zNDM2M2JjN2M0YzAiOnsiY3JlYXRlIjoxMjAwMDAwMDAwMDAwLCJkZWxldGUiOjEyMDAwMDAwMDAwMDAsInJlYWQiOjYwMDAwMDAwMDAwMCwidXBkYXRlIjoxMjAwMDAwMDAwMDAwfX0="
        },
        {
          "index_key": "firebaserules.googleapis.com",
          "schema_version": 0,
          "attributes": {
            "check_if_service_has_usage_on_destroy": false,
            "disable_dependent_services": null,
            "disable_on_destroy": false,
            "id": "sample-firebase-ai-app-c6c59/firebaserules.googleapis.com",
            "project": "sample-firebase-ai-app-c6c59",
            "service": "firebaserules.googleapis.com",
            "timeouts": null
          },
          "sensitive_attributes": [],
          "private": "eyJlMmJmYjczMC1lY2FhLTExZTYtOGY4OC0zNDM2M2JjN2M0YzAiOnsiY3JlYXRlIjoxMjAwMDAwMDAwMDAwLCJkZWxldGUiOjEyMDAwMDAwMDAwMDAsInJlYWQiOjYwMDAwMDAwMDAwMCwidXBkYXRlIjoxMjAwMDAwMDAwMDAwfX0="
        },
        {
          "index_key": "firestore.googleapis.com",
          "schema_version": 0,
          "attributes": {
            "check_if_service_has_usage_on_destroy": false,
            "disable_dependent_services": null,
            "disable_on_destroy": false,
            "id": "sample-firebase-ai-app-c6c59/firestore.googleapis.com",
            "project": "sample-firebase-ai-app-c6c59",
            "service": "firestore.googleapis.com",
            "timeouts": null
          },
          "sensitive_attributes": [],
          "private": "eyJlMmJmYjczMC1lY2FhLTExZTYtOGY4OC0zNDM2M2JjN2M0YzAiOnsiY3JlYXRlIjoxMjAwMDAwMDAwMDAwLCJkZWxldGUiOjEyMDAwMDAwMDAwMDAsInJlYWQiOjYwMDAwMDAwMDAwMCwidXBkYXRlIjoxMjAwMDAwMDAwMDAwfX0="
        },
        {
          "index_key": "generativelanguage.googleapis.com",
          "schema_version": 0,
          "attributes": {
            "check_if_service_has_usage_on_destroy": false,
            "disable_dependent_services": null,
            "disable_on_destroy": false,
            "id": "sample-firebase-ai-app-c6c59/generativelanguage.googleapis.com",
            "project": "sample-firebase-ai-app-c6c59",
            "service": "generativelanguage.googleapis.com",
            "timeouts": null
          },
          "sensitive_attributes": [],
          "private": "eyJlMmJmYjczMC1lY2FhLTExZTYtOGY4OC0zNDM2M2JjN2M0YzAiOnsiY3JlYXRlIjoxMjAwMDAwMDAwMDAwLCJkZWxldGUiOjEyMDAwMDAwMDAwMDAsInJlYWQiOjYwMDAwMDAwMDAwMCwidXBkYXRlIjoxMjAwMDAwMDAwMDAwfX0="
        },
        {
          "index_key": "serviceusage.googleapis.com",
          "schema_version": 0,
          "attributes": {
            "check_if_service_has_usage_on_destroy": false,
            "disable_dependent_services": null,
            "disable_on_destroy": false,
            "id": "sample-firebase-ai-app-c6c59/serviceusage.googleapis.com",
            "project": "sample-firebase-ai-app-c6c59",
            "service": "serviceusage.googleapis.com",
            "timeouts": null
          },
          "sensitive_attributes": [],
          "private": "eyJlMmJmYjczMC1lY2FhLTExZTYtOGY4OC0zNDM2M2JjN2M0YzAiOnsiY3JlYXRlIjoxMjAwMDAwMDAwMDAwLCJkZWxldGUiOjEyMDAwMDAwMDAwMDAsInJlYWQiOjYwMDAwMDAwMDAwMCwidXBkYXRlIjoxMjAwMDAwMDAwMDAwfX0="
        }
      ]
    },
    {
      "mode": "managed",
      "type": "google_service_usage_consumer_quota_override",
      "name": "generativelanguage",
      "provider": "provider[\"registry.terraform.io/hashicorp/google-beta\"]",
      "instances": [
        {
          "schema_version": 0,
          "attributes": {
            "dimensions": null,
            "force": true,
            "id": "projects/sample-firebase-ai-app-c6c59/services/generativelanguage.googleapis.com/consumerQuotaMetrics/generativelanguage.googleapis.com%2Fgenerate_requests_per_model/limits/%2Fmin%2Fmodel%2Fproject/consumerOverrides/Cg1RdW90YU92ZXJyaWRl",
            "limit": "%2Fmin%2Fmodel%2Fproject",
            "metric": "generativelanguage.googleapis.com%2Fgenerate_requests_per_model",
            "name": "Cg1RdW90YU92ZXJyaWRl",
            "override_value": "10",
            "project": "sample-firebase-ai-app-c6c59",
            "service": "generativelanguage.googleapis.com",
            "timeouts": null
          },
          "sensitive_attributes": [],
          "private": "eyJlMmJmYjczMC1lY2FhLTExZTYtOGY4OC0zNDM2M2JjN2M0YzAiOnsiY3JlYXRlIjoxMjAwMDAwMDAwMDAwLCJkZWxldGUiOjEyMDAwMDAwMDAwMDAsInVwZGF0ZSI6MTIwMDAwMDAwMDAwMH19",
          "dependencies": [
            "google_project_service.services"
          ]
        }
      ]
    },
    {
      "mode": "managed",
      "type": "local_file",
      "name": "environment_ts",
      "provider": "provider[\"registry.terraform.io/hashicorp/local\"]",
      "instances": [
        {
          "schema_version": 0,
          "attributes": {
            "content": "export const environment = {\n  firebase: {\n      apiKey: 'AIzaSyAdLy8Bgw3xzy_2ny9fJCg--GLZhBfd-H4',\n      authDomain: 'sample-firebase-ai-app-c6c59.firebaseapp.com',\n      databaseURL: '',\n      projectId: 'sample-firebase-ai-app-c6c59',\n      storageBucket: 'sample-firebase-ai-app-c6c59.firebasestorage.app',\n      messagingSenderId: '325618577120',\n      appId: '1:325618577120:web:9c2df4ab003117ddf76a85',\n      measurementId: '',\n  },\n  gemini_api_key: 'AIzaSyC5OSZqJitdR0AN4nQvpPogBHOMNYHPtzA',\n  debug_token: ''\n};",
            "content_base64": null,
            "content_base64sha256": "mYfgSZKNkMKIgbbBAFtUPM0NH+bBysQcE9qw5XU34i8=",
            "content_base64sha512": "zbw0r5iqjHk5biljYr4HQ5pUgI3QgxX/kJc2R80EJpXgLJ3Q4HUT8x/QkH7iBf3Ljx5lDsr6qdTCRTI/T3qdKQ==",
            "content_md5": "13a5aed30a551cd127c153c3904cf00c",
            "content_sha1": "7b4df770399f2402c00d3604236e71122ecdccda",
            "content_sha256": "9987e049928d90c28881b6c1005b543ccd0d1fe6c1cac41c13dab0e57537e22f",
            "content_sha512": "cdbc34af98aa8c79396e296362be07439a54808dd08315ff90973647cd042695e02c9dd0e07513f31fd0907ee205fdcb8f1e650ecafaa9d4c245323f4f7a9d29",
            "directory_permission": "0777",
            "file_permission": "0777",
            "filename": "./src/environments/environments.ts",
            "id": "7b4df770399f2402c00d3604236e71122ecdccda",
            "sensitive_content": null,
            "source": null
          },
          "sensitive_attributes": [
            [
              {
                "type": "get_attr",
                "value": "content"
              }
            ]
          ],
          "dependencies": [
            "data.google_firebase_web_app_config.example",
            "data.google_project.project",
            "google_apikeys_key.generativelanguage",
            "google_firebase_web_app.example",
            "google_project_service.services"
          ]
        }
      ]
    },
    {
      "mode": "managed",
      "type": "local_file",
      "name": "firebaserc",
      "provider": "provider[\"registry.terraform.io/hashicorp/local\"]",
      "instances": [
        {
          "schema_version": 0,
          "attributes": {
            "content": "{\"projects\":{\"default\":\"sample-firebase-ai-app-c6c59\"}}",
            "content_base64": null,
            "content_base64sha256": "eeEqPUyobJ6IkgvDFfPaG3Eo6MqRvSJs9xEI5ZgFUPM=",
            "content_base64sha512": "NjTbJrqexb/OAbag2MKXsukxQpRYPv1OeTzrRuHYDaorpiN1cLxl38ME9KM7zot+fuP/ou7auZJnAB01b9Hohw==",
            "content_md5": "ccfc3ac9b491c7c8dd391a397f158f51",
            "content_sha1": "2c75debb06854aa80228107d2c75fda2c5a45380",
            "content_sha256": "79e12a3d4ca86c9e88920bc315f3da1b7128e8ca91bd226cf71108e5980550f3",
            "content_sha512": "3634db26ba9ec5bfce01b6a0d8c297b2e9314294583efd4e793ceb46e1d80daa2ba6237570bc65dfc304f4a33bce8b7e7ee3ffa2eedab99267001d356fd1e887",
            "directory_permission": "0777",
            "file_permission": "0777",
            "filename": "./.firebaserc",
            "id": "2c75debb06854aa80228107d2c75fda2c5a45380",
            "sensitive_content": null,
            "source": null
          },
          "sensitive_attributes": []
        }
      ]
    },
    {
      "mode": "managed",
      "type": "local_file",
      "name": "firestore_rules",
      "provider": "provider[\"registry.terraform.io/hashicorp/local\"]",
      "instances": [
        {
          "schema_version": 0,
          "attributes": {
            "content": "service cloud.firestore {\n  match /databases/{database}/documents/{document=**} {\n    allow read, write: if request.auth != null \u0026\u0026 request.time \u003c timestamp.date(2025, 6, 5);\n  }\n}\n",
            "content_base64": null,
            "content_base64sha256": "KJjzDvREHAExxObHG664jGIXCahUPkWJKfKZpyvdLqc=",
            "content_base64sha512": "tfKsJ8tffpaw+qr1OhEucR/ZporYF0H0dCgkqLSfhoVpvjjrUie7vAXXD0Hat4fslIdhFUWu1MxAlXIgs0Ge/g==",
            "content_md5": "762c90375d96fb50e1cb6bf4ef083c7d",
            "content_sha1": "4e599bbcaefda2bece9373f69eda0325642465b5",
            "content_sha256": "2898f30ef4441c0131c4e6c71baeb88c621709a8543e458929f299a72bdd2ea7",
            "content_sha512": "b5f2ac27cb5f7e96b0faaaf53a112e711fd9a68ad81741f4742824a8b49f868569be38eb5227bbbc05d70f41dab787ec9487611545aed4cc40957220b3419efe",
            "directory_permission": "0777",
            "file_permission": "0777",
            "filename": "./firestore.rules",
            "id": "4e599bbcaefda2bece9373f69eda0325642465b5",
            "sensitive_content": null,
            "source": null
          },
          "sensitive_attributes": []
        }
      ]
    }
  ],
  "check_results": null
}
